
Microsoft Visual Studio Solution File, Format Version 12.00
# Visual Studio Version 17
VisualStudioVersion = 17.3.32901.215
MinimumVisualStudioVersion = 10.0.40219.1
Project("{FAE04EC0-301F-11D3-BF4B-00C04F79EFBC}") = "EFCoreRelationship", "EFCoreRelationship.csproj", "{E990EF72-59A5-42E2-A9D0-16566C635CD9}"
EndProject
Global
	GlobalSection(SolutionConfigurationPlatforms) = preSolution
		Debug|Any CPU = Debug|Any CPU
		Release|Any CPU = Release|Any CPU
	EndGlobalSection
	GlobalSection(ProjectConfigurationPlatforms) = postSolution
		{E990EF72-59A5-42E2-A9D0-16566C635CD9}.Debug|Any CPU.ActiveCfg = Debug|Any CPU
		{E990EF72-59A5-42E2-A9D0-16566C635CD9}.Debug|Any CPU.Build.0 = Debug|Any CPU
		{E990EF72-59A5-42E2-A9D0-16566C635CD9}.Release|Any CPU.ActiveCfg = Release|Any CPU
		{E990EF72-59A5-42E2-A9D0-16566C635CD9}.Release|Any CPU.Build.0 = Release|Any CPU
	EndGlobalSection
	GlobalSection(SolutionProperties) = preSolution
		HideSolutionNode = FALSE
	EndGlobalSection
	GlobalSection(ExtensibilityGlobals) = postSolution
		SolutionGuid = {561176FB-E173-4537-B411-4EB15077B144}
	EndGlobalSection
EndGlobal
